
Microsoft Visual Studio Solution File, Format Version 12.00
# Visual Studio Version 17
VisualStudioVersion = 17.2.32616.157
MinimumVisualStudioVersion = 10.0.40219.1
Project("{FAE04EC0-301F-11D3-BF4B-00C04F79EFBC}") = "Notepad DaDa", "Notepad DaDa\Notepad DaDa.csproj", "{E809F13E-454F-44B0-92EC-0F6DB1BBA58F}"
EndProject
Global
	GlobalSection(SolutionConfigurationPlatforms) = preSolution
		Debug|Any CPU = Debug|Any CPU
		Release|Any CPU = Release|Any CPU
	EndGlobalSection
	GlobalSection(ProjectConfigurationPlatforms) = postSolution
		{E809F13E-454F-44B0-92EC-0F6DB1BBA58F}.Debug|Any CPU.ActiveCfg = Debug|Any CPU
		{E809F13E-454F-44B0-92EC-0F6DB1BBA58F}.Debug|Any CPU.Build.0 = Debug|Any CPU
		{E809F13E-454F-44B0-92EC-0F6DB1BBA58F}.Release|Any CPU.ActiveCfg = Release|Any CPU
		{E809F13E-454F-44B0-92EC-0F6DB1BBA58F}.Release|Any CPU.Build.0 = Release|Any CPU
	EndGlobalSection
	GlobalSection(SolutionProperties) = preSolution
		HideSolutionNode = FALSE
	EndGlobalSection
	GlobalSection(ExtensibilityGlobals) = postSolution
		SolutionGuid = {35FA8001-892C-4E94-AF51-54FB51A87B72}
	EndGlobalSection
EndGlobal
